// !$*UTF8*$!
{
	archiveVersion = 1;
	classes = {
	};
	objectVersion = 56;
	objects = {

/* Begin PBXBuildFile section */
		CE60D4B929689B8200BED7C1 /* AppDelegate.swift in Sources */ = {isa = PBXBuildFile; fileRef = CE60D4B829689B8200BED7C1 /* AppDelegate.swift */; };
		CE60D4BB29689B8200BED7C1 /* SceneDelegate.swift in Sources */ = {isa = PBXBuildFile; fileRef = CE60D4BA29689B8200BED7C1 /* SceneDelegate.swift */; };
		CE60D4BD29689B8200BED7C1 /* ViewController.swift in Sources */ = {isa = PBXBuildFile; fileRef = CE60D4BC29689B8200BED7C1 /* ViewController.swift */; };
		CE60D4C029689B8200BED7C1 /* Main.storyboard in Resources */ = {isa = PBXBuildFile; fileRef = CE60D4BE29689B8200BED7C1 /* Main.storyboard */; };
		CE60D4C229689B8C00BED7C1 /* Assets.xcassets in Resources */ = {isa = PBXBuildFile; fileRef = CE60D4C129689B8C00BED7C1 /* Assets.xcassets */; };
		CE60D4C529689B8C00BED7C1 /* LaunchScreen.storyboard in Resources */ = {isa = PBXBuildFile; fileRef = CE60D4C329689B8C00BED7C1 /* LaunchScreen.storyboard */; };
		CEA7B3AA2968A8DF00C3F155 /* Roboto-Light.ttf in Resources */ = {isa = PBXBuildFile; fileRef = CEA7B3A32968A8DF00C3F155 /* Roboto-Light.ttf */; };
		CEA7B3AB2968A8DF00C3F155 /* Roboto-Thin.ttf in Resources */ = {isa = PBXBuildFile; fileRef = CEA7B3A42968A8DF00C3F155 /* Roboto-Thin.ttf */; };
		CEA7B3AC2968A8DF00C3F155 /* Roboto-MediumItalic.ttf in Resources */ = {isa = PBXBuildFile; fileRef = CEA7B3A52968A8DF00C3F155 /* Roboto-MediumItalic.ttf */; };
		CEA7B3AD2968A8DF00C3F155 /* Roboto-Regular.ttf in Resources */ = {isa = PBXBuildFile; fileRef = CEA7B3A62968A8DF00C3F155 /* Roboto-Regular.ttf */; };
		CEA7B3AE2968A8DF00C3F155 /* Roboto-Medium.ttf in Resources */ = {isa = PBXBuildFile; fileRef = CEA7B3A72968A8DF00C3F155 /* Roboto-Medium.ttf */; };
		CEA7B3AF2968A8DF00C3F155 /* Roboto-ThinItalic.ttf in Resources */ = {isa = PBXBuildFile; fileRef = CEA7B3A82968A8DF00C3F155 /* Roboto-ThinItalic.ttf */; };
		CEA7B3B02968A8DF00C3F155 /* Roboto-LightItalic.ttf in Resources */ = {isa = PBXBuildFile; fileRef = CEA7B3A92968A8DF00C3F155 /* Roboto-LightItalic.ttf */; };
		CECC8A3F29CB6DE60011B6B3 /* SubscriptionSelectionController.swift in Sources */ = {isa = PBXBuildFile; fileRef = CECC8A3E29CB6DE60011B6B3 /* SubscriptionSelectionController.swift */; };
		CEF6C8E8298D844300B7297A /* GoogleService-Info.plist in Resources */ = {isa = PBXBuildFile; fileRef = CEF6C8E7298D844300B7297A /* GoogleService-Info.plist */; };
		CEF6C8EB298D85A900B7297A /* FirebaseAuth in Frameworks */ = {isa = PBXBuildFile; productRef = CEF6C8EA298D85A900B7297A /* FirebaseAuth */; };
		CEF6C8ED298D85A900B7297A /* FirebaseFirestore in Frameworks */ = {isa = PBXBuildFile; productRef = CEF6C8EC298D85A900B7297A /* FirebaseFirestore */; };
		DC82E69B29BBAD9E00F111C7 /* TipCalculatorViewController.swift in Sources */ = {isa = PBXBuildFile; fileRef = DC82E69A29BBAD9E00F111C7 /* TipCalculatorViewController.swift */; };
		DC8C84E82A1542590008DFE2 /* BankViewController.swift in Sources */ = {isa = PBXBuildFile; fileRef = DC8C84E72A1542590008DFE2 /* BankViewController.swift */; };
		DC8C84EA2A1552340008DFE2 /* PersonalInformationViewController.swift in Sources */ = {isa = PBXBuildFile; fileRef = DC8C84E92A1552340008DFE2 /* PersonalInformationViewController.swift */; };
		DCF79C5429FAEE4100C95BF5 /* BillSplitterViewController.swift in Sources */ = {isa = PBXBuildFile; fileRef = DCF79C5329FAEE4100C95BF5 /* BillSplitterViewController.swift */; };
/* End PBXBuildFile section */

/* Begin PBXFileReference section */
		CE60D4B529689B8200BED7C1 /* BillZzapp.app */ = {isa = PBXFileReference; explicitFileType = wrapper.application; includeInIndex = 0; path = BillZzapp.app; sourceTree = BUILT_PRODUCTS_DIR; };
		CE60D4B829689B8200BED7C1 /* AppDelegate.swift */ = {isa = PBXFileReference; lastKnownFileType = sourcecode.swift; path = AppDelegate.swift; sourceTree = "<group>"; };
		CE60D4BA29689B8200BED7C1 /* SceneDelegate.swift */ = {isa = PBXFileReference; lastKnownFileType = sourcecode.swift; path = SceneDelegate.swift; sourceTree = "<group>"; };
		CE60D4BC29689B8200BED7C1 /* ViewController.swift */ = {isa = PBXFileReference; lastKnownFileType = sourcecode.swift; path = ViewController.swift; sourceTree = "<group>"; };
		CE60D4BF29689B8200BED7C1 /* Base */ = {isa = PBXFileReference; lastKnownFileType = file.storyboard; name = Base; path = Base.lproj/Main.storyboard; sourceTree = "<group>"; };
		CE60D4C129689B8C00BED7C1 /* Assets.xcassets */ = {isa = PBXFileReference; lastKnownFileType = folder.assetcatalog; path = Assets.xcassets; sourceTree = "<group>"; };
		CE60D4C429689B8C00BED7C1 /* Base */ = {isa = PBXFileReference; lastKnownFileType = file.storyboard; name = Base; path = Base.lproj/LaunchScreen.storyboard; sourceTree = "<group>"; };
		CE60D4C629689B8C00BED7C1 /* Info.plist */ = {isa = PBXFileReference; lastKnownFileType = text.plist.xml; path = Info.plist; sourceTree = "<group>"; };
		CEA7B3A32968A8DF00C3F155 /* Roboto-Light.ttf */ = {isa = PBXFileReference; lastKnownFileType = file; path = "Roboto-Light.ttf"; sourceTree = "<group>"; };
		CEA7B3A42968A8DF00C3F155 /* Roboto-Thin.ttf */ = {isa = PBXFileReference; lastKnownFileType = file; path = "Roboto-Thin.ttf"; sourceTree = "<group>"; };
		CEA7B3A52968A8DF00C3F155 /* Roboto-MediumItalic.ttf */ = {isa = PBXFileReference; lastKnownFileType = file; path = "Roboto-MediumItalic.ttf"; sourceTree = "<group>"; };
		CEA7B3A62968A8DF00C3F155 /* Roboto-Regular.ttf */ = {isa = PBXFileReference; lastKnownFileType = file; path = "Roboto-Regular.ttf"; sourceTree = "<group>"; };
		CEA7B3A72968A8DF00C3F155 /* Roboto-Medium.ttf */ = {isa = PBXFileReference; lastKnownFileType = file; path = "Roboto-Medium.ttf"; sourceTree = "<group>"; };
		CEA7B3A82968A8DF00C3F155 /* Roboto-ThinItalic.ttf */ = {isa = PBXFileReference; lastKnownFileType = file; path = "Roboto-ThinItalic.ttf"; sourceTree = "<group>"; };
		CEA7B3A92968A8DF00C3F155 /* Roboto-LightItalic.ttf */ = {isa = PBXFileReference; lastKnownFileType = file; path = "Roboto-LightItalic.ttf"; sourceTree = "<group>"; };
		CEA7B3B12968A8FA00C3F155 /* Roboto-BlackItalic.ttf */ = {isa = PBXFileReference; lastKnownFileType = file; path = "Roboto-BlackItalic.ttf"; sourceTree = "<group>"; };
		CEA7B3B22968A8FA00C3F155 /* Roboto-BoldItalic.ttf */ = {isa = PBXFileReference; lastKnownFileType = file; path = "Roboto-BoldItalic.ttf"; sourceTree = "<group>"; };
		CEA7B3B32968A8FA00C3F155 /* Roboto-Black.ttf */ = {isa = PBXFileReference; lastKnownFileType = file; path = "Roboto-Black.ttf"; sourceTree = "<group>"; };
		CEA7B3B42968A8FA00C3F155 /* Roboto-Italic.ttf */ = {isa = PBXFileReference; lastKnownFileType = file; path = "Roboto-Italic.ttf"; sourceTree = "<group>"; };
		CEA7B3B52968A8FA00C3F155 /* Roboto-Bold.ttf */ = {isa = PBXFileReference; lastKnownFileType = file; path = "Roboto-Bold.ttf"; sourceTree = "<group>"; };
		CECC8A3E29CB6DE60011B6B3 /* SubscriptionSelectionController.swift */ = {isa = PBXFileReference; lastKnownFileType = sourcecode.swift; path = SubscriptionSelectionController.swift; sourceTree = "<group>"; };
		CEF6C8E7298D844300B7297A /* GoogleService-Info.plist */ = {isa = PBXFileReference; fileEncoding = 4; lastKnownFileType = text.plist.xml; path = "GoogleService-Info.plist"; sourceTree = "<group>"; };
		DC82E69A29BBAD9E00F111C7 /* TipCalculatorViewController.swift */ = {isa = PBXFileReference; lastKnownFileType = sourcecode.swift; path = TipCalculatorViewController.swift; sourceTree = "<group>"; };
		DC8C84E72A1542590008DFE2 /* BankViewController.swift */ = {isa = PBXFileReference; lastKnownFileType = sourcecode.swift; path = BankViewController.swift; sourceTree = "<group>"; };
		DC8C84E92A1552340008DFE2 /* PersonalInformationViewController.swift */ = {isa = PBXFileReference; lastKnownFileType = sourcecode.swift; name = PersonalInformationViewController.swift; path = "../../Library/Developer/Xcode/DerivedData/BillZzapp-ddasstmdiwqpjnfddmsyiiylclyt/SourcePackages/checkouts/swift-protobuf/PersonalInformationViewController.swift"; sourceTree = "<group>"; };
		DCE34E722991662300B95FA4 /* BillZzapp.entitlements */ = {isa = PBXFileReference; lastKnownFileType = text.plist.entitlements; path = BillZzapp.entitlements; sourceTree = "<group>"; };
		DCF79C5329FAEE4100C95BF5 /* BillSplitterViewController.swift */ = {isa = PBXFileReference; lastKnownFileType = sourcecode.swift; path = BillSplitterViewController.swift; sourceTree = "<group>"; };
/* End PBXFileReference section */

/* Begin PBXFrameworksBuildPhase section */
		CE60D4B229689B8200BED7C1 /* Frameworks */ = {
			isa = PBXFrameworksBuildPhase;
			buildActionMask = 2147483647;
			files = (
				CEF6C8EB298D85A900B7297A /* FirebaseAuth in Frameworks */,
				CEF6C8ED298D85A900B7297A /* FirebaseFirestore in Frameworks */,
			);
			runOnlyForDeploymentPostprocessing = 0;
		};
/* End PBXFrameworksBuildPhase section */

/* Begin PBXGroup section */
		CE60D4AC29689B8200BED7C1 = {
			isa = PBXGroup;
			children = (
				DC8C84E92A1552340008DFE2 /* PersonalInformationViewController.swift */,
				CE60D4B729689B8200BED7C1 /* BillZzapp */,
				CE60D4B629689B8200BED7C1 /* Products */,
			);
			sourceTree = "<group>";
		};
		CE60D4B629689B8200BED7C1 /* Products */ = {
			isa = PBXGroup;
			children = (
				CE60D4B529689B8200BED7C1 /* BillZzapp.app */,
			);
			name = Products;
			sourceTree = "<group>";
		};
		CE60D4B729689B8200BED7C1 /* BillZzapp */ = {
			isa = PBXGroup;
			children = (
				DCE34E722991662300B95FA4 /* BillZzapp.entitlements */,
				CEA7B3A22968A8BC00C3F155 /* Font */,
				CEF6C8EE298D8A9400B7297A /* ViewControllers */,
				DC2F0A982A0015F7006C1028 /* Settings */,
				CE60D4BE29689B8200BED7C1 /* Main.storyboard */,
				CE60D4B829689B8200BED7C1 /* AppDelegate.swift */,
				CE60D4BA29689B8200BED7C1 /* SceneDelegate.swift */,
				CE60D4C129689B8C00BED7C1 /* Assets.xcassets */,
				CE60D4C329689B8C00BED7C1 /* LaunchScreen.storyboard */,
				CE60D4C629689B8C00BED7C1 /* Info.plist */,
				CEF6C8E7298D844300B7297A /* GoogleService-Info.plist */,
			);
			path = BillZzapp;
			sourceTree = "<group>";
		};
		CEA7B3A22968A8BC00C3F155 /* Font */ = {
			isa = PBXGroup;
			children = (
				CEA7B3B32968A8FA00C3F155 /* Roboto-Black.ttf */,
				CEA7B3B12968A8FA00C3F155 /* Roboto-BlackItalic.ttf */,
				CEA7B3B52968A8FA00C3F155 /* Roboto-Bold.ttf */,
				CEA7B3B22968A8FA00C3F155 /* Roboto-BoldItalic.ttf */,
				CEA7B3B42968A8FA00C3F155 /* Roboto-Italic.ttf */,
				CEA7B3A32968A8DF00C3F155 /* Roboto-Light.ttf */,
				CEA7B3A92968A8DF00C3F155 /* Roboto-LightItalic.ttf */,
				CEA7B3A72968A8DF00C3F155 /* Roboto-Medium.ttf */,
				CEA7B3A52968A8DF00C3F155 /* Roboto-MediumItalic.ttf */,
				CEA7B3A62968A8DF00C3F155 /* Roboto-Regular.ttf */,
				CEA7B3A42968A8DF00C3F155 /* Roboto-Thin.ttf */,
				CEA7B3A82968A8DF00C3F155 /* Roboto-ThinItalic.ttf */,
			);
			path = Font;
			sourceTree = "<group>";
		};
		CEF6C8EE298D8A9400B7297A /* ViewControllers */ = {
			isa = PBXGroup;
			children = (
				DC8C84E72A1542590008DFE2 /* BankViewController.swift */,
				CECC8A3E29CB6DE60011B6B3 /* SubscriptionSelectionController.swift */,
				CE60D4BC29689B8200BED7C1 /* ViewController.swift */,
				DC82E69A29BBAD9E00F111C7 /* TipCalculatorViewController.swift */,
				DCF79C5329FAEE4100C95BF5 /* BillSplitterViewController.swift */,
			);
			path = ViewControllers;
			sourceTree = "<group>";
		};
		DC2F0A982A0015F7006C1028 /* Settings */ = {
			isa = PBXGroup;
			children = (
			);
			path = Settings;
			sourceTree = "<group>";
		};
/* End PBXGroup section */

/* Begin PBXNativeTarget section */
		CE60D4B429689B8200BED7C1 /* BillZzapp */ = {
			isa = PBXNativeTarget;
			buildConfigurationList = CE60D4C929689B8C00BED7C1 /* Build configuration list for PBXNativeTarget "BillZzapp" */;
			buildPhases = (
				CE60D4B129689B8200BED7C1 /* Sources */,
				CE60D4B229689B8200BED7C1 /* Frameworks */,
				CE60D4B329689B8200BED7C1 /* Resources */,
			);
			buildRules = (
			);
			dependencies = (
			);
			name = BillZzapp;
			packageProductDependencies = (
				CEF6C8EA298D85A900B7297A /* FirebaseAuth */,
				CEF6C8EC298D85A900B7297A /* FirebaseFirestore */,
			);
			productName = BillZzapp;
			productReference = CE60D4B529689B8200BED7C1 /* BillZzapp.app */;
			productType = "com.apple.product-type.application";
		};
/* End PBXNativeTarget section */

/* Begin PBXProject section */
		CE60D4AD29689B8200BED7C1 /* Project object */ = {
			isa = PBXProject;
			attributes = {
				BuildIndependentTargetsInParallel = 1;
				LastSwiftUpdateCheck = 1420;
				LastUpgradeCheck = 1420;
				TargetAttributes = {
					CE60D4B429689B8200BED7C1 = {
						CreatedOnToolsVersion = 14.2;
					};
				};
			};
			buildConfigurationList = CE60D4B029689B8200BED7C1 /* Build configuration list for PBXProject "BillZzapp" */;
			compatibilityVersion = "Xcode 14.0";
			developmentRegion = en;
			hasScannedForEncodings = 0;
			knownRegions = (
				en,
				Base,
			);
			mainGroup = CE60D4AC29689B8200BED7C1;
			packageReferences = (
				CEF6C8E9298D85A900B7297A /* XCRemoteSwiftPackageReference "firebase-ios-sdk" */,
			);
			productRefGroup = CE60D4B629689B8200BED7C1 /* Products */;
			projectDirPath = "";
			projectRoot = "";
			targets = (
				CE60D4B429689B8200BED7C1 /* BillZzapp */,
			);
		};
/* End PBXProject section */

/* Begin PBXResourcesBuildPhase section */
		CE60D4B329689B8200BED7C1 /* Resources */ = {
			isa = PBXResourcesBuildPhase;
			buildActionMask = 2147483647;
			files = (
				CEA7B3AE2968A8DF00C3F155 /* Roboto-Medium.ttf in Resources */,
				CE60D4C529689B8C00BED7C1 /* LaunchScreen.storyboard in Resources */,
				CEA7B3B02968A8DF00C3F155 /* Roboto-LightItalic.ttf in Resources */,
				CEA7B3AD2968A8DF00C3F155 /* Roboto-Regular.ttf in Resources */,
				CE60D4C229689B8C00BED7C1 /* Assets.xcassets in Resources */,
				CEA7B3AA2968A8DF00C3F155 /* Roboto-Light.ttf in Resources */,
				CEA7B3AB2968A8DF00C3F155 /* Roboto-Thin.ttf in Resources */,
				CEA7B3AF2968A8DF00C3F155 /* Roboto-ThinItalic.ttf in Resources */,
				CEF6C8E8298D844300B7297A /* GoogleService-Info.plist in Resources */,
				CEA7B3AC2968A8DF00C3F155 /* Roboto-MediumItalic.ttf in Resources */,
				CE60D4C029689B8200BED7C1 /* Main.storyboard in Resources */,
			);
			runOnlyForDeploymentPostprocessing = 0;
		};
/* End PBXResourcesBuildPhase section */

/* Begin PBXSourcesBuildPhase section */
		CE60D4B129689B8200BED7C1 /* Sources */ = {
			isa = PBXSourcesBuildPhase;
			buildActionMask = 2147483647;
			files = (
				DC8C84E82A1542590008DFE2 /* BankViewController.swift in Sources */,
				DC82E69B29BBAD9E00F111C7 /* TipCalculatorViewController.swift in Sources */,
				CE60D4BD29689B8200BED7C1 /* ViewController.swift in Sources */,
				DC8C84EA2A1552340008DFE2 /* PersonalInformationViewController.swift in Sources */,
				DCF79C5429FAEE4100C95BF5 /* BillSplitterViewController.swift in Sources */,
				CE60D4B929689B8200BED7C1 /* AppDelegate.swift in Sources */,
				CE60D4BB29689B8200BED7C1 /* SceneDelegate.swift in Sources */,
				CECC8A3F29CB6DE60011B6B3 /* SubscriptionSelectionController.swift in Sources */,
			);
			runOnlyForDeploymentPostprocessing = 0;
		};
/* End PBXSourcesBuildPhase section */

/* Begin PBXVariantGroup section */
		CE60D4BE29689B8200BED7C1 /* Main.storyboard */ = {
			isa = PBXVariantGroup;
			children = (
				CE60D4BF29689B8200BED7C1 /* Base */,
			);
			name = Main.storyboard;
			sourceTree = "<group>";
		};
		CE60D4C329689B8C00BED7C1 /* LaunchScreen.storyboard */ = {
			isa = PBXVariantGroup;
			children = (
				CE60D4C429689B8C00BED7C1 /* Base */,
			);
			name = LaunchScreen.storyboard;
			sourceTree = "<group>";
		};
/* End PBXVariantGroup section */

/* Begin XCBuildConfiguration section */
		CE60D4C729689B8C00BED7C1 /* Debug */ = {
			isa = XCBuildConfiguration;
			buildSettings = {
				ALWAYS_SEARCH_USER_PATHS = NO;
				CLANG_ANALYZER_NONNULL = YES;
				CLANG_ANALYZER_NUMBER_OBJECT_CONVERSION = YES_AGGRESSIVE;
				CLANG_CXX_LANGUAGE_STANDARD = "gnu++20";
				CLANG_ENABLE_MODULES = YES;
				CLANG_ENABLE_OBJC_ARC = YES;
				CLANG_ENABLE_OBJC_WEAK = YES;
				CLANG_WARN_BLOCK_CAPTURE_AUTORELEASING = YES;
				CLANG_WARN_BOOL_CONVERSION = YES;
				CLANG_WARN_COMMA = YES;
				CLANG_WARN_CONSTANT_CONVERSION = YES;
				CLANG_WARN_DEPRECATED_OBJC_IMPLEMENTATIONS = YES;
				CLANG_WARN_DIRECT_OBJC_ISA_USAGE = YES_ERROR;
				CLANG_WARN_DOCUMENTATION_COMMENTS = YES;
				CLANG_WARN_EMPTY_BODY = YES;
				CLANG_WARN_ENUM_CONVERSION = YES;
				CLANG_WARN_INFINITE_RECURSION = YES;
				CLANG_WARN_INT_CONVERSION = YES;
				CLANG_WARN_NON_LITERAL_NULL_CONVERSION = YES;
				CLANG_WARN_OBJC_IMPLICIT_RETAIN_SELF = YES;
				CLANG_WARN_OBJC_LITERAL_CONVERSION = YES;
				CLANG_WARN_OBJC_ROOT_CLASS = YES_ERROR;
				CLANG_WARN_QUOTED_INCLUDE_IN_FRAMEWORK_HEADER = YES;
				CLANG_WARN_RANGE_LOOP_ANALYSIS = YES;
				CLANG_WARN_STRICT_PROTOTYPES = YES;
				CLANG_WARN_SUSPICIOUS_MOVE = YES;
				CLANG_WARN_UNGUARDED_AVAILABILITY = YES_AGGRESSIVE;
				CLANG_WARN_UNREACHABLE_CODE = YES;
				CLANG_WARN__DUPLICATE_METHOD_MATCH = YES;
				COPY_PHASE_STRIP = NO;
				DEBUG_INFORMATION_FORMAT = dwarf;
				ENABLE_STRICT_OBJC_MSGSEND = YES;
				ENABLE_TESTABILITY = YES;
				GCC_C_LANGUAGE_STANDARD = gnu11;
				GCC_DYNAMIC_NO_PIC = NO;
				GCC_NO_COMMON_BLOCKS = YES;
				GCC_OPTIMIZATION_LEVEL = 0;
				GCC_PREPROCESSOR_DEFINITIONS = (
					"DEBUG=1",
					"$(inherited)",
				);
				GCC_WARN_64_TO_32_BIT_CONVERSION = YES;
				GCC_WARN_ABOUT_RETURN_TYPE = YES_ERROR;
				GCC_WARN_UNDECLARED_SELECTOR = YES;
				GCC_WARN_UNINITIALIZED_AUTOS = YES_AGGRESSIVE;
				GCC_WARN_UNUSED_FUNCTION = YES;
				GCC_WARN_UNUSED_VARIABLE = YES;
				IPHONEOS_DEPLOYMENT_TARGET = 16.2;
				MTL_ENABLE_DEBUG_INFO = INCLUDE_SOURCE;
				MTL_FAST_MATH = YES;
				ONLY_ACTIVE_ARCH = YES;
				SDKROOT = iphoneos;
				SWIFT_ACTIVE_COMPILATION_CONDITIONS = DEBUG;
				SWIFT_OPTIMIZATION_LEVEL = "-Onone";
			};
			name = Debug;
		};
		CE60D4C829689B8C00BED7C1 /* Release */ = {
			isa = XCBuildConfiguration;
			buildSettings = {
				ALWAYS_SEARCH_USER_PATHS = NO;
				CLANG_ANALYZER_NONNULL = YES;
				CLANG_ANALYZER_NUMBER_OBJECT_CONVERSION = YES_AGGRESSIVE;
				CLANG_CXX_LANGUAGE_STANDARD = "gnu++20";
				CLANG_ENABLE_MODULES = YES;
				CLANG_ENABLE_OBJC_ARC = YES;
				CLANG_ENABLE_OBJC_WEAK = YES;
				CLANG_WARN_BLOCK_CAPTURE_AUTORELEASING = YES;
				CLANG_WARN_BOOL_CONVERSION = YES;
				CLANG_WARN_COMMA = YES;
				CLANG_WARN_CONSTANT_CONVERSION = YES;
				CLANG_WARN_DEPRECATED_OBJC_IMPLEMENTATIONS = YES;
				CLANG_WARN_DIRECT_OBJC_ISA_USAGE = YES_ERROR;
				CLANG_WARN_DOCUMENTATION_COMMENTS = YES;
				CLANG_WARN_EMPTY_BODY = YES;
				CLANG_WARN_ENUM_CONVERSION = YES;
				CLANG_WARN_INFINITE_RECURSION = YES;
				CLANG_WARN_INT_CONVERSION = YES;
				CLANG_WARN_NON_LITERAL_NULL_CONVERSION = YES;
				CLANG_WARN_OBJC_IMPLICIT_RETAIN_SELF = YES;
				CLANG_WARN_OBJC_LITERAL_CONVERSION = YES;
				CLANG_WARN_OBJC_ROOT_CLASS = YES_ERROR;
				CLANG_WARN_QUOTED_INCLUDE_IN_FRAMEWORK_HEADER = YES;
				CLANG_WARN_RANGE_LOOP_ANALYSIS = YES;
				CLANG_WARN_STRICT_PROTOTYPES = YES;
				CLANG_WARN_SUSPICIOUS_MOVE = YES;
				CLANG_WARN_UNGUARDED_AVAILABILITY = YES_AGGRESSIVE;
				CLANG_WARN_UNREACHABLE_CODE = YES;
				CLANG_WARN__DUPLICATE_METHOD_MATCH = YES;
				COPY_PHASE_STRIP = NO;
				DEBUG_INFORMATION_FORMAT = "dwarf-with-dsym";
				ENABLE_NS_ASSERTIONS = NO;
				ENABLE_STRICT_OBJC_MSGSEND = YES;
				GCC_C_LANGUAGE_STANDARD = gnu11;
				GCC_NO_COMMON_BLOCKS = YES;
				GCC_WARN_64_TO_32_BIT_CONVERSION = YES;
				GCC_WARN_ABOUT_RETURN_TYPE = YES_ERROR;
				GCC_WARN_UNDECLARED_SELECTOR = YES;
				GCC_WARN_UNINITIALIZED_AUTOS = YES_AGGRESSIVE;
				GCC_WARN_UNUSED_FUNCTION = YES;
				GCC_WARN_UNUSED_VARIABLE = YES;
				IPHONEOS_DEPLOYMENT_TARGET = 16.2;
				MTL_ENABLE_DEBUG_INFO = NO;
				MTL_FAST_MATH = YES;
				SDKROOT = iphoneos;
				SWIFT_COMPILATION_MODE = wholemodule;
				SWIFT_OPTIMIZATION_LEVEL = "-O";
				VALIDATE_PRODUCT = YES;
			};
			name = Release;
		};
		CE60D4CA29689B8C00BED7C1 /* Debug */ = {
			isa = XCBuildConfiguration;
			buildSettings = {
				ASSETCATALOG_COMPILER_APPICON_NAME = AppIcon;
				ASSETCATALOG_COMPILER_GLOBAL_ACCENT_COLOR_NAME = AccentColor;
				CODE_SIGN_ENTITLEMENTS = BillZzapp/BillZzapp.entitlements;
				CODE_SIGN_STYLE = Automatic;
				CURRENT_PROJECT_VERSION = 1;
				GENERATE_INFOPLIST_FILE = YES;
				INFOPLIST_FILE = BillZzapp/Info.plist;
				INFOPLIST_KEY_UIApplicationSupportsIndirectInputEvents = YES;
				INFOPLIST_KEY_UILaunchStoryboardName = LaunchScreen;
				INFOPLIST_KEY_UIMainStoryboardFile = Main;
				INFOPLIST_KEY_UISupportedInterfaceOrientations_iPad = "UIInterfaceOrientationPortrait UIInterfaceOrientationPortraitUpsideDown UIInterfaceOrientationLandscapeLeft UIInterfaceOrientationLandscapeRight";
				INFOPLIST_KEY_UISupportedInterfaceOrientations_iPhone = "UIInterfaceOrientationPortrait UIInterfaceOrientationLandscapeLeft UIInterfaceOrientationLandscapeRight";
				LD_RUNPATH_SEARCH_PATHS = (
					"$(inherited)",
					"@executable_path/Frameworks",
				);
				MARKETING_VERSION = 1.0;
				PRODUCT_BUNDLE_IDENTIFIER = "First-Time.BillZzapp";
				PRODUCT_NAME = "$(TARGET_NAME)";
				SWIFT_EMIT_LOC_STRINGS = YES;
				SWIFT_VERSION = 5.0;
				TARGETED_DEVICE_FAMILY = "1,2";
			};
			name = Debug;
		};
		CE60D4CB29689B8C00BED7C1 /* Release */ = {
			isa = XCBuildConfiguration;
			buildSettings = {
				ASSETCATALOG_COMPILER_APPICON_NAME = AppIcon;
				ASSETCATALOG_COMPILER_GLOBAL_ACCENT_COLOR_NAME = AccentColor;
				CODE_SIGN_ENTITLEMENTS = BillZzapp/BillZzapp.entitlements;
				CODE_SIGN_STYLE = Automatic;
				CURRENT_PROJECT_VERSION = 1;
				GENERATE_INFOPLIST_FILE = YES;
				INFOPLIST_FILE = BillZzapp/Info.plist;
				INFOPLIST_KEY_UIApplicationSupportsIndirectInputEvents = YES;
				INFOPLIST_KEY_UILaunchStoryboardName = LaunchScreen;
				INFOPLIST_KEY_UIMainStoryboardFile = Main;
				INFOPLIST_KEY_UISupportedInterfaceOrientations_iPad = "UIInterfaceOrientationPortrait UIInterfaceOrientationPortraitUpsideDown UIInterfaceOrientationLandscapeLeft UIInterfaceOrientationLandscapeRight";
				INFOPLIST_KEY_UISupportedInterfaceOrientations_iPhone = "UIInterfaceOrientationPortrait UIInterfaceOrientationLandscapeLeft UIInterfaceOrientationLandscapeRight";
				LD_RUNPATH_SEARCH_PATHS = (
					"$(inherited)",
					"@executable_path/Frameworks",
				);
				MARKETING_VERSION = 1.0;
				PRODUCT_BUNDLE_IDENTIFIER = "First-Time.BillZzapp";
				PRODUCT_NAME = "$(TARGET_NAME)";
				SWIFT_EMIT_LOC_STRINGS = YES;
				SWIFT_VERSION = 5.0;
				TARGETED_DEVICE_FAMILY = "1,2";
			};
			name = Release;
		};
/* End XCBuildConfiguration section */

/* Begin XCConfigurationList section */
		CE60D4B029689B8200BED7C1 /* Build configuration list for PBXProject "BillZzapp" */ = {
			isa = XCConfigurationList;
			buildConfigurations = (
				CE60D4C729689B8C00BED7C1 /* Debug */,
				CE60D4C829689B8C00BED7C1 /* Release */,
			);
			defaultConfigurationIsVisible = 0;
			defaultConfigurationName = Release;
		};
		CE60D4C929689B8C00BED7C1 /* Build configuration list for PBXNativeTarget "BillZzapp" */ = {
			isa = XCConfigurationList;
			buildConfigurations = (
				CE60D4CA29689B8C00BED7C1 /* Debug */,
				CE60D4CB29689B8C00BED7C1 /* Release */,
			);
			defaultConfigurationIsVisible = 0;
			defaultConfigurationName = Release;
		};
/* End XCConfigurationList section */

/* Begin XCRemoteSwiftPackageReference section */
		CEF6C8E9298D85A900B7297A /* XCRemoteSwiftPackageReference "firebase-ios-sdk" */ = {
			isa = XCRemoteSwiftPackageReference;
			repositoryURL = "https://github.com/firebase/firebase-ios-sdk";
			requirement = {
				kind = upToNextMajorVersion;
				minimumVersion = 9.0.0;
			};
		};
/* End XCRemoteSwiftPackageReference section */

/* Begin XCSwiftPackageProductDependency section */
		CEF6C8EA298D85A900B7297A /* FirebaseAuth */ = {
			isa = XCSwiftPackageProductDependency;
			package = CEF6C8E9298D85A900B7297A /* XCRemoteSwiftPackageReference "firebase-ios-sdk" */;
			productName = FirebaseAuth;
		};
		CEF6C8EC298D85A900B7297A /* FirebaseFirestore */ = {
			isa = XCSwiftPackageProductDependency;
			package = CEF6C8E9298D85A900B7297A /* XCRemoteSwiftPackageReference "firebase-ios-sdk" */;
			productName = FirebaseFirestore;
		};
/* End XCSwiftPackageProductDependency section */
	};
	rootObject = CE60D4AD29689B8200BED7C1 /* Project object */;
}
